schema: '2.0'
stages:
  data_ingestion:
    cmd: python -m src.data_task.data_ingestion
    deps:
    - path: src/data_task/data_ingestion.py
      hash: md5
      md5: 241bd95a9f9cf5a109866242f45def63
      size: 4332
    params:
      params.yaml:
        data_ingestion.test_size: 0.25
    outs:
    - path: data/raw
      hash: md5
      md5: 2f83311a9194cefdb83d03f340cce5c2.dir
      size: 1321255
      nfiles: 2
  data_preprocessing:
    cmd: python -m src.data_task.data_preprocessing
    deps:
    - path: data/raw
      hash: md5
      md5: 2f83311a9194cefdb83d03f340cce5c2.dir
      size: 1321255
      nfiles: 2
    - path: src/data_task/data_preprocessing.py
      hash: md5
      md5: 4c39abbbdace20703c71696c07e17a4b
      size: 2303
    outs:
    - path: data/interim
      hash: md5
      md5: d0952f425b0f7fec503a98cea1aa6f8a.dir
      size: 823027
      nfiles: 2
  feature_engineering:
    cmd: python -m src.features.feature_engineering
    deps:
    - path: data/interim
      hash: md5
      md5: d0952f425b0f7fec503a98cea1aa6f8a.dir
      size: 823027
      nfiles: 2
    - path: src/features/feature_engineering.py
      hash: md5
      md5: 1d7969d3fed28f44407ec16920aa53ff
      size: 3653
    params:
      params.yaml:
        feature_engineering.max_features: 50
    outs:
    - path: data/processed
      hash: md5
      md5: 2a9d228f089e0acc69efedd1551e51d6.dir
      size: 657391
      nfiles: 2
    - path: models/vectorizer.pkl
      hash: md5
      md5: c85980edb47d003c2d2006cf78a892a1
      size: 4271
  model_building:
    cmd: python -m src.model.model_building
    deps:
    - path: data/processed
      hash: md5
      md5: 2a9d228f089e0acc69efedd1551e51d6.dir
      size: 657391
      nfiles: 2
    - path: src/model/model_building.py
      hash: md5
      md5: a18dd6a7b16b06003ec8dee62ab9347b
      size: 1818
    outs:
    - path: models/model.pkl
      hash: md5
      md5: 0ec95cbfdcd7bb3816646811e6cd3d68
      size: 533473
  model_evaluation:
    cmd: python -m src.model.model_evaluation
    deps:
    - path: models/model.pkl
      hash: md5
      md5: 0ec95cbfdcd7bb3816646811e6cd3d68
      size: 533473
    - path: src/model/model_evaluation.py
      hash: md5
      md5: ccc2c904cb542989eaa7f5484859a991
      size: 5531
    outs:
    - path: reports/experiment_info.json
      hash: md5
      md5: 878a353864a02edb2719c9f5b7166319
      size: 82
    - path: reports/metrics.json
      hash: md5
      md5: 6de8da0ef943a1415a91053f303cfba2
      size: 118
  model_registration:
    cmd: python -m src.model.register_model
    deps:
    - path: reports/experiment_info.json
      hash: md5
      md5: 878a353864a02edb2719c9f5b7166319
      size: 82
    - path: src/model/register_model.py
      hash: md5
      md5: b89d4df212423e451fbd21473c52926b
      size: 3290
