schema: '2.0'
stages:
  data_ingestion:
    cmd: python src/data_task/data_ingestion.py
    deps:
    - path: src/data_task/data_ingestion.py
      hash: md5
      md5: 7e4894de963dd1af9eb893cd67634c06
      size: 3590
    params:
      params.yaml:
        data_ingestion.test_size: 0.25
    outs:
    - path: data/raw
      hash: md5
      md5: 2f83311a9194cefdb83d03f340cce5c2.dir
      size: 1321255
      nfiles: 2
  data_preprocessing:
    cmd: python src/data_task/data_preprocessing.py
    deps:
    - path: data/raw
      hash: md5
      md5: 2f83311a9194cefdb83d03f340cce5c2.dir
      size: 1321255
      nfiles: 2
    - path: src/data_task/data_preprocessing.py
      hash: md5
      md5: 4c39abbbdace20703c71696c07e17a4b
      size: 2303
    outs:
    - path: data/interim
      hash: md5
      md5: 8240f9610483401b3a4290ed9b3bf237.dir
      size: 822814
      nfiles: 2
  feature_engineering:
    cmd: python src/features/feature_engineering.py
    deps:
    - path: data/interim
      hash: md5
      md5: 8240f9610483401b3a4290ed9b3bf237.dir
      size: 822814
      nfiles: 2
    - path: src/features/feature_engineering.py
      hash: md5
      md5: 1d7969d3fed28f44407ec16920aa53ff
      size: 3653
    params:
      params.yaml:
        feature_engineering.max_features: 50
    outs:
    - path: data/processed
      hash: md5
      md5: c07261efbba9d2d01fdc94a22caee8a6.dir
      size: 657566
      nfiles: 2
    - path: models/vectorizer.pkl
      hash: md5
      md5: 6c8975731c65a03f50f2d8b70ad4133b
      size: 3871
  model_building:
    cmd: python src/model/model_building.py
    deps:
    - path: data/processed
      hash: md5
      md5: c07261efbba9d2d01fdc94a22caee8a6.dir
      size: 657566
      nfiles: 2
    - path: src/model/model_building.py
      hash: md5
      md5: a18dd6a7b16b06003ec8dee62ab9347b
      size: 1818
    outs:
    - path: models/model.pkl
      hash: md5
      md5: 85ff86fbeb9854e3702a90e1115b3e5a
      size: 533472
  model_evaluation:
    cmd: python src/model/model_evaluation.py
    deps:
    - path: models/model.pkl
      hash: md5
      md5: 85ff86fbeb9854e3702a90e1115b3e5a
      size: 533472
    - path: src/model/model_evaluation.py
      hash: md5
      md5: 33f5a61dfa025aa110a73e1c5a216f22
      size: 5607
    outs:
    - path: reports/experiment_info.json
      hash: md5
      md5: aa85143bcdc4fa79ebc39d038d3ee44a
      size: 82
    - path: reports/metrics.json
      hash: md5
      md5: 1a763da378ea77bc16f1b802cd35d5f5
      size: 132
  model_registration:
    cmd: python src/model/register_model.py
    deps:
    - path: reports/experiment_info.json
      hash: md5
      md5: aa85143bcdc4fa79ebc39d038d3ee44a
      size: 82
    - path: src/model/register_model.py
      hash: md5
      md5: 52f03761df0e246359005e6e1a8c9896
      size: 3203
